
Microsoft Visual Studio Solution File, Format Version 12.00
# Visual Studio Version 17
VisualStudioVersion = 17.3.32825.248
MinimumVisualStudioVersion = 10.0.40219.1
Project("{FAE04EC0-301F-11D3-BF4B-00C04F79EFBC}") = "coreApp", "coreApp\coreApp.csproj", "{0F2ABCFB-13FB-4364-A43C-5CB20C9EFD3A}"
EndProject
Global
	GlobalSection(SolutionConfigurationPlatforms) = preSolution
		Debug|Any CPU = Debug|Any CPU
		Release|Any CPU = Release|Any CPU
	EndGlobalSection
	GlobalSection(ProjectConfigurationPlatforms) = postSolution
		{0F2ABCFB-13FB-4364-A43C-5CB20C9EFD3A}.Debug|Any CPU.ActiveCfg = Debug|Any CPU
		{0F2ABCFB-13FB-4364-A43C-5CB20C9EFD3A}.Debug|Any CPU.Build.0 = Debug|Any CPU
		{0F2ABCFB-13FB-4364-A43C-5CB20C9EFD3A}.Release|Any CPU.ActiveCfg = Release|Any CPU
		{0F2ABCFB-13FB-4364-A43C-5CB20C9EFD3A}.Release|Any CPU.Build.0 = Release|Any CPU
	EndGlobalSection
	GlobalSection(SolutionProperties) = preSolution
		HideSolutionNode = FALSE
	EndGlobalSection
	GlobalSection(ExtensibilityGlobals) = postSolution
		SolutionGuid = {012AE928-CF4A-458A-9D33-67B91F1D565D}
	EndGlobalSection
EndGlobal
